
Microsoft Visual Studio Solution File, Format Version 12.00
# Visual Studio Version 17
VisualStudioVersion = 17.14.36623.8
MinimumVisualStudioVersion = 10.0.40219.1
Project("{FAE04EC0-301F-11D3-BF4B-00C04F79EFBC}") = "Marketplace", "src\Marketplace\Marketplace.csproj", "{D6C94293-3CDA-4C8A-84AF-1C5A4A8113DB}"
EndProject
Project("{FAE04EC0-301F-11D3-BF4B-00C04F79EFBC}") = "Marketplace.Domain", "src\Marketplace.Domain\Marketplace.Domain.csproj", "{43E89D62-70F4-4486-944C-1220E90977D8}"
EndProject
Project("{FAE04EC0-301F-11D3-BF4B-00C04F79EFBC}") = "Marketplace.Tests", "src\Marketplace.Tests\Marketplace.Tests.csproj", "{F09BE982-7B17-4F11-8797-5949BC0C81ED}"
EndProject
Project("{FAE04EC0-301F-11D3-BF4B-00C04F79EFBC}") = "Marketplace.Framework", "src\Marketplace.Framework\Marketplace.Framework.csproj", "{90F84477-639B-4942-9037-957D3E1FD166}"
EndProject
Global
	GlobalSection(SolutionConfigurationPlatforms) = preSolution
		Debug|Any CPU = Debug|Any CPU
		Release|Any CPU = Release|Any CPU
	EndGlobalSection
	GlobalSection(ProjectConfigurationPlatforms) = postSolution
		{D6C94293-3CDA-4C8A-84AF-1C5A4A8113DB}.Debug|Any CPU.ActiveCfg = Debug|Any CPU
		{D6C94293-3CDA-4C8A-84AF-1C5A4A8113DB}.Debug|Any CPU.Build.0 = Debug|Any CPU
		{D6C94293-3CDA-4C8A-84AF-1C5A4A8113DB}.Release|Any CPU.ActiveCfg = Release|Any CPU
		{D6C94293-3CDA-4C8A-84AF-1C5A4A8113DB}.Release|Any CPU.Build.0 = Release|Any CPU
		{43E89D62-70F4-4486-944C-1220E90977D8}.Debug|Any CPU.ActiveCfg = Debug|Any CPU
		{43E89D62-70F4-4486-944C-1220E90977D8}.Debug|Any CPU.Build.0 = Debug|Any CPU
		{43E89D62-70F4-4486-944C-1220E90977D8}.Release|Any CPU.ActiveCfg = Release|Any CPU
		{43E89D62-70F4-4486-944C-1220E90977D8}.Release|Any CPU.Build.0 = Release|Any CPU
		{F09BE982-7B17-4F11-8797-5949BC0C81ED}.Debug|Any CPU.ActiveCfg = Debug|Any CPU
		{F09BE982-7B17-4F11-8797-5949BC0C81ED}.Debug|Any CPU.Build.0 = Debug|Any CPU
		{F09BE982-7B17-4F11-8797-5949BC0C81ED}.Release|Any CPU.ActiveCfg = Release|Any CPU
		{F09BE982-7B17-4F11-8797-5949BC0C81ED}.Release|Any CPU.Build.0 = Release|Any CPU
		{90F84477-639B-4942-9037-957D3E1FD166}.Debug|Any CPU.ActiveCfg = Debug|Any CPU
		{90F84477-639B-4942-9037-957D3E1FD166}.Debug|Any CPU.Build.0 = Debug|Any CPU
		{90F84477-639B-4942-9037-957D3E1FD166}.Release|Any CPU.ActiveCfg = Release|Any CPU
		{90F84477-639B-4942-9037-957D3E1FD166}.Release|Any CPU.Build.0 = Release|Any CPU
	EndGlobalSection
	GlobalSection(SolutionProperties) = preSolution
		HideSolutionNode = FALSE
	EndGlobalSection
	GlobalSection(ExtensibilityGlobals) = postSolution
		SolutionGuid = {26A7B7C9-FD7B-4AB4-93F0-AEAA82AD6B3A}
	EndGlobalSection
EndGlobal
